
Microsoft Visual Studio Solution File, Format Version 12.00
# Visual Studio Version 16
VisualStudioVersion = 16.0.30114.105
MinimumVisualStudioVersion = 10.0.40219.1
Project("{8BC9CEB8-8B4A-11D0-8D11-00A0C91BC942}") = "ChuyenDoiCoSo10Qua2DeQuy", "ChuyenDoiCoSo10Qua2DeQuy\ChuyenDoiCoSo10Qua2DeQuy.vcxproj", "{1EAD6E4F-5D37-4196-9F6F-04C2EAFAACB6}"
EndProject
Global
	GlobalSection(SolutionConfigurationPlatforms) = preSolution
		Debug|x64 = Debug|x64
		Debug|x86 = Debug|x86
		Release|x64 = Release|x64
		Release|x86 = Release|x86
	EndGlobalSection
	GlobalSection(ProjectConfigurationPlatforms) = postSolution
		{1EAD6E4F-5D37-4196-9F6F-04C2EAFAACB6}.Debug|x64.ActiveCfg = Debug|x64
		{1EAD6E4F-5D37-4196-9F6F-04C2EAFAACB6}.Debug|x64.Build.0 = Debug|x64
		{1EAD6E4F-5D37-4196-9F6F-04C2EAFAACB6}.Debug|x86.ActiveCfg = Debug|Win32
		{1EAD6E4F-5D37-4196-9F6F-04C2EAFAACB6}.Debug|x86.Build.0 = Debug|Win32
		{1EAD6E4F-5D37-4196-9F6F-04C2EAFAACB6}.Release|x64.ActiveCfg = Release|x64
		{1EAD6E4F-5D37-4196-9F6F-04C2EAFAACB6}.Release|x64.Build.0 = Release|x64
		{1EAD6E4F-5D37-4196-9F6F-04C2EAFAACB6}.Release|x86.ActiveCfg = Release|Win32
		{1EAD6E4F-5D37-4196-9F6F-04C2EAFAACB6}.Release|x86.Build.0 = Release|Win32
	EndGlobalSection
	GlobalSection(SolutionProperties) = preSolution
		HideSolutionNode = FALSE
	EndGlobalSection
	GlobalSection(ExtensibilityGlobals) = postSolution
		SolutionGuid = {54B4D0D0-71EB-4DD6-B57B-7DF3CDC2C7DE}
	EndGlobalSection
EndGlobal
